
Microsoft Visual Studio Solution File, Format Version 12.00
# Visual Studio 15
VisualStudioVersion = 15.0.28307.757
MinimumVisualStudioVersion = 10.0.40219.1
Project("{8BC9CEB8-8B4A-11D0-8D11-00A0C91BC942}") = "OpenGLBase", "OpenGLBase\OpenGLBase.vcxproj", "{C8FF44C3-F90D-4020-A190-C70D73D8FCAC}"
EndProject
Global
	GlobalSection(SolutionConfigurationPlatforms) = preSolution
		Debug|x64 = Debug|x64
		Debug|x86 = Debug|x86
		Release|x64 = Release|x64
		Release|x86 = Release|x86
	EndGlobalSection
	GlobalSection(ProjectConfigurationPlatforms) = postSolution
		{C8FF44C3-F90D-4020-A190-C70D73D8FCAC}.Debug|x64.ActiveCfg = Debug|x64
		{C8FF44C3-F90D-4020-A190-C70D73D8FCAC}.Debug|x64.Build.0 = Debug|x64
		{C8FF44C3-F90D-4020-A190-C70D73D8FCAC}.Debug|x86.ActiveCfg = Debug|Win32
		{C8FF44C3-F90D-4020-A190-C70D73D8FCAC}.Debug|x86.Build.0 = Debug|Win32
		{C8FF44C3-F90D-4020-A190-C70D73D8FCAC}.Release|x64.ActiveCfg = Release|x64
		{C8FF44C3-F90D-4020-A190-C70D73D8FCAC}.Release|x64.Build.0 = Release|x64
		{C8FF44C3-F90D-4020-A190-C70D73D8FCAC}.Release|x86.ActiveCfg = Release|Win32
		{C8FF44C3-F90D-4020-A190-C70D73D8FCAC}.Release|x86.Build.0 = Release|Win32
	EndGlobalSection
	GlobalSection(SolutionProperties) = preSolution
		HideSolutionNode = FALSE
	EndGlobalSection
	GlobalSection(ExtensibilityGlobals) = postSolution
		SolutionGuid = {2D1331E8-A5B5-4547-8D51-3FFC0119B071}
	EndGlobalSection
EndGlobal
